
Microsoft Visual Studio Solution File, Format Version 12.00
# Visual Studio 14
VisualStudioVersion = 14.0.25420.1
MinimumVisualStudioVersion = 10.0.40219.1
Project("{FAE04EC0-301F-11D3-BF4B-00C04F79EFBC}") = "djdc_wage", "djdc_wage\djdc_wage.csproj", "{C0026F14-DF38-4041-8480-708255D0EEA8}"
EndProject
Project("{2150E333-8FDC-42A3-9474-1A3956D46DE8}") = "Libraries", "Libraries", "{37CF0895-2F70-45D8-8A17-63D0E6A23C3F}"
EndProject
Project("{2150E333-8FDC-42A3-9474-1A3956D46DE8}") = "CacheExtension", "CacheExtension", "{77F62AE9-2B61-4B6A-9C4C-14BE1B48694A}"
EndProject
Project("{FAE04EC0-301F-11D3-BF4B-00C04F79EFBC}") = "Senparc.Weixin.Cache.Memcached", "src\Senparc.Weixin.Cache\Senparc.Weixin.Cache.Memcached\Senparc.Weixin.Cache.Memcached.csproj", "{5B729497-5323-41D7-A104-0632119BEDDE}"
EndProject
Project("{FAE04EC0-301F-11D3-BF4B-00C04F79EFBC}") = "Senparc.Weixin.Cache.Redis", "src\Senparc.Weixin.Cache\Senparc.Weixin.Cache.Redis\Senparc.Weixin.Cache.Redis.csproj", "{51AC27B4-11AE-4F59-B82A-0BB3AFA5F62B}"
EndProject
Project("{FAE04EC0-301F-11D3-BF4B-00C04F79EFBC}") = "Senparc.WebSocket", "src\Senparc.WebSocket\src\Senparc.WebSocket\Senparc.WebSocket\Senparc.WebSocket.csproj", "{B745F5F5-9120-4D56-A86D-ED34EADB703C}"
EndProject
Project("{FAE04EC0-301F-11D3-BF4B-00C04F79EFBC}") = "Senparc.Weixin", "src\Senparc.Weixin\Senparc.Weixin\Senparc.Weixin.csproj", "{814092CD-9CD0-4FB7-91E8-D147F476F1FB}"
EndProject
Project("{FAE04EC0-301F-11D3-BF4B-00C04F79EFBC}") = "Senparc.Weixin.MP", "src\Senparc.Weixin.MP\Senparc.Weixin.MP\Senparc.Weixin.MP.csproj", "{1D815FBF-451C-4E23-939C-CB80172F445C}"
EndProject
Project("{FAE04EC0-301F-11D3-BF4B-00C04F79EFBC}") = "Senparc.Weixin.Open", "src\Senparc.Weixin.Open\Senparc.Weixin.Open\Senparc.Weixin.Open.csproj", "{54732C3D-B673-4BBF-B0C3-6432E3D6F522}"
EndProject
Project("{FAE04EC0-301F-11D3-BF4B-00C04F79EFBC}") = "Senparc.Weixin.Work", "src\Senparc.Weixin.Work\Senparc.Weixin.Work\Senparc.Weixin.Work.csproj", "{CC0EBEC4-7120-4627-A596-C1F2958F3D5E}"
EndProject
Project("{FAE04EC0-301F-11D3-BF4B-00C04F79EFBC}") = "Senparc.Weixin.WxOpen", "src\Senparc.Weixin.WxOpen\src\Senparc.Weixin.WxOpen\Senparc.Weixin.WxOpen\Senparc.Weixin.WxOpen.csproj", "{379D8C97-4F96-45AF-9F91-6BD160514495}"
EndProject
Project("{FAE04EC0-301F-11D3-BF4B-00C04F79EFBC}") = "Senparc.Weixin.MP.Sample.CommonService", "src\Senparc.Weixin.MP.Sample\Senparc.Weixin.MP.Sample.CommonService\Senparc.Weixin.MP.Sample.CommonService.csproj", "{CCD291E9-16FA-4B53-B032-EBD3F659567B}"
EndProject
Project("{FAE04EC0-301F-11D3-BF4B-00C04F79EFBC}") = "DataAccess", "djdc_wagenet\DataAccess\DataAccess.csproj", "{02C052F4-9B28-4405-B901-E795EFB90E73}"
EndProject
Global
	GlobalSection(SolutionConfigurationPlatforms) = preSolution
		Debug|Any CPU = Debug|Any CPU
		Debug|x86 = Debug|x86
		Release|Any CPU = Release|Any CPU
		Release|x86 = Release|x86
		Test|Any CPU = Test|Any CPU
		Test|x86 = Test|x86
	EndGlobalSection
	GlobalSection(ProjectConfigurationPlatforms) = postSolution
		{C0026F14-DF38-4041-8480-708255D0EEA8}.Debug|Any CPU.ActiveCfg = Debug|Any CPU
		{C0026F14-DF38-4041-8480-708255D0EEA8}.Debug|Any CPU.Build.0 = Debug|Any CPU
		{C0026F14-DF38-4041-8480-708255D0EEA8}.Debug|x86.ActiveCfg = Debug|Any CPU
		{C0026F14-DF38-4041-8480-708255D0EEA8}.Debug|x86.Build.0 = Debug|Any CPU
		{C0026F14-DF38-4041-8480-708255D0EEA8}.Release|Any CPU.ActiveCfg = Release|Any CPU
		{C0026F14-DF38-4041-8480-708255D0EEA8}.Release|Any CPU.Build.0 = Release|Any CPU
		{C0026F14-DF38-4041-8480-708255D0EEA8}.Release|x86.ActiveCfg = Release|Any CPU
		{C0026F14-DF38-4041-8480-708255D0EEA8}.Release|x86.Build.0 = Release|Any CPU
		{C0026F14-DF38-4041-8480-708255D0EEA8}.Test|Any CPU.ActiveCfg = Release|Any CPU
		{C0026F14-DF38-4041-8480-708255D0EEA8}.Test|Any CPU.Build.0 = Release|Any CPU
		{C0026F14-DF38-4041-8480-708255D0EEA8}.Test|x86.ActiveCfg = Release|Any CPU
		{C0026F14-DF38-4041-8480-708255D0EEA8}.Test|x86.Build.0 = Release|Any CPU
		{5B729497-5323-41D7-A104-0632119BEDDE}.Debug|Any CPU.ActiveCfg = Debug|Any CPU
		{5B729497-5323-41D7-A104-0632119BEDDE}.Debug|Any CPU.Build.0 = Debug|Any CPU
		{5B729497-5323-41D7-A104-0632119BEDDE}.Debug|x86.ActiveCfg = Debug|x86
		{5B729497-5323-41D7-A104-0632119BEDDE}.Debug|x86.Build.0 = Debug|x86
		{5B729497-5323-41D7-A104-0632119BEDDE}.Release|Any CPU.ActiveCfg = Release|Any CPU
		{5B729497-5323-41D7-A104-0632119BEDDE}.Release|Any CPU.Build.0 = Release|Any CPU
		{5B729497-5323-41D7-A104-0632119BEDDE}.Release|x86.ActiveCfg = Release|x86
		{5B729497-5323-41D7-A104-0632119BEDDE}.Release|x86.Build.0 = Release|x86
		{5B729497-5323-41D7-A104-0632119BEDDE}.Test|Any CPU.ActiveCfg = Release|Any CPU
		{5B729497-5323-41D7-A104-0632119BEDDE}.Test|Any CPU.Build.0 = Release|Any CPU
		{5B729497-5323-41D7-A104-0632119BEDDE}.Test|x86.ActiveCfg = Release|x86
		{5B729497-5323-41D7-A104-0632119BEDDE}.Test|x86.Build.0 = Release|x86
		{51AC27B4-11AE-4F59-B82A-0BB3AFA5F62B}.Debug|Any CPU.ActiveCfg = Debug|Any CPU
		{51AC27B4-11AE-4F59-B82A-0BB3AFA5F62B}.Debug|Any CPU.Build.0 = Debug|Any CPU
		{51AC27B4-11AE-4F59-B82A-0BB3AFA5F62B}.Debug|x86.ActiveCfg = Debug|x86
		{51AC27B4-11AE-4F59-B82A-0BB3AFA5F62B}.Debug|x86.Build.0 = Debug|x86
		{51AC27B4-11AE-4F59-B82A-0BB3AFA5F62B}.Release|Any CPU.ActiveCfg = Release|Any CPU
		{51AC27B4-11AE-4F59-B82A-0BB3AFA5F62B}.Release|Any CPU.Build.0 = Release|Any CPU
		{51AC27B4-11AE-4F59-B82A-0BB3AFA5F62B}.Release|x86.ActiveCfg = Release|x86
		{51AC27B4-11AE-4F59-B82A-0BB3AFA5F62B}.Release|x86.Build.0 = Release|x86
		{51AC27B4-11AE-4F59-B82A-0BB3AFA5F62B}.Test|Any CPU.ActiveCfg = Release|Any CPU
		{51AC27B4-11AE-4F59-B82A-0BB3AFA5F62B}.Test|Any CPU.Build.0 = Release|Any CPU
		{51AC27B4-11AE-4F59-B82A-0BB3AFA5F62B}.Test|x86.ActiveCfg = Release|x86
		{51AC27B4-11AE-4F59-B82A-0BB3AFA5F62B}.Test|x86.Build.0 = Release|x86
		{B745F5F5-9120-4D56-A86D-ED34EADB703C}.Debug|Any CPU.ActiveCfg = Debug|Any CPU
		{B745F5F5-9120-4D56-A86D-ED34EADB703C}.Debug|Any CPU.Build.0 = Debug|Any CPU
		{B745F5F5-9120-4D56-A86D-ED34EADB703C}.Debug|x86.ActiveCfg = Debug|Any CPU
		{B745F5F5-9120-4D56-A86D-ED34EADB703C}.Debug|x86.Build.0 = Debug|Any CPU
		{B745F5F5-9120-4D56-A86D-ED34EADB703C}.Release|Any CPU.ActiveCfg = Release|Any CPU
		{B745F5F5-9120-4D56-A86D-ED34EADB703C}.Release|Any CPU.Build.0 = Release|Any CPU
		{B745F5F5-9120-4D56-A86D-ED34EADB703C}.Release|x86.ActiveCfg = Release|Any CPU
		{B745F5F5-9120-4D56-A86D-ED34EADB703C}.Release|x86.Build.0 = Release|Any CPU
		{B745F5F5-9120-4D56-A86D-ED34EADB703C}.Test|Any CPU.ActiveCfg = Release|Any CPU
		{B745F5F5-9120-4D56-A86D-ED34EADB703C}.Test|Any CPU.Build.0 = Release|Any CPU
		{B745F5F5-9120-4D56-A86D-ED34EADB703C}.Test|x86.ActiveCfg = Release|Any CPU
		{B745F5F5-9120-4D56-A86D-ED34EADB703C}.Test|x86.Build.0 = Release|Any CPU
		{814092CD-9CD0-4FB7-91E8-D147F476F1FB}.Debug|Any CPU.ActiveCfg = Debug|Any CPU
		{814092CD-9CD0-4FB7-91E8-D147F476F1FB}.Debug|Any CPU.Build.0 = Debug|Any CPU
		{814092CD-9CD0-4FB7-91E8-D147F476F1FB}.Debug|x86.ActiveCfg = Debug|x86
		{814092CD-9CD0-4FB7-91E8-D147F476F1FB}.Debug|x86.Build.0 = Debug|x86
		{814092CD-9CD0-4FB7-91E8-D147F476F1FB}.Release|Any CPU.ActiveCfg = Release|Any CPU
		{814092CD-9CD0-4FB7-91E8-D147F476F1FB}.Release|Any CPU.Build.0 = Release|Any CPU
		{814092CD-9CD0-4FB7-91E8-D147F476F1FB}.Release|x86.ActiveCfg = Release|x86
		{814092CD-9CD0-4FB7-91E8-D147F476F1FB}.Release|x86.Build.0 = Release|x86
		{814092CD-9CD0-4FB7-91E8-D147F476F1FB}.Test|Any CPU.ActiveCfg = Test|Any CPU
		{814092CD-9CD0-4FB7-91E8-D147F476F1FB}.Test|Any CPU.Build.0 = Test|Any CPU
		{814092CD-9CD0-4FB7-91E8-D147F476F1FB}.Test|x86.ActiveCfg = Test|x86
		{814092CD-9CD0-4FB7-91E8-D147F476F1FB}.Test|x86.Build.0 = Test|x86
		{1D815FBF-451C-4E23-939C-CB80172F445C}.Debug|Any CPU.ActiveCfg = Debug|Any CPU
		{1D815FBF-451C-4E23-939C-CB80172F445C}.Debug|Any CPU.Build.0 = Debug|Any CPU
		{1D815FBF-451C-4E23-939C-CB80172F445C}.Debug|x86.ActiveCfg = Debug|x86
		{1D815FBF-451C-4E23-939C-CB80172F445C}.Debug|x86.Build.0 = Debug|x86
		{1D815FBF-451C-4E23-939C-CB80172F445C}.Release|Any CPU.ActiveCfg = Release|Any CPU
		{1D815FBF-451C-4E23-939C-CB80172F445C}.Release|Any CPU.Build.0 = Release|Any CPU
		{1D815FBF-451C-4E23-939C-CB80172F445C}.Release|x86.ActiveCfg = Release|x86
		{1D815FBF-451C-4E23-939C-CB80172F445C}.Release|x86.Build.0 = Release|x86
		{1D815FBF-451C-4E23-939C-CB80172F445C}.Test|Any CPU.ActiveCfg = Release|Any CPU
		{1D815FBF-451C-4E23-939C-CB80172F445C}.Test|Any CPU.Build.0 = Release|Any CPU
		{1D815FBF-451C-4E23-939C-CB80172F445C}.Test|x86.ActiveCfg = Release|x86
		{1D815FBF-451C-4E23-939C-CB80172F445C}.Test|x86.Build.0 = Release|x86
		{54732C3D-B673-4BBF-B0C3-6432E3D6F522}.Debug|Any CPU.ActiveCfg = Debug|Any CPU
		{54732C3D-B673-4BBF-B0C3-6432E3D6F522}.Debug|Any CPU.Build.0 = Debug|Any CPU
		{54732C3D-B673-4BBF-B0C3-6432E3D6F522}.Debug|x86.ActiveCfg = Debug|x86
		{54732C3D-B673-4BBF-B0C3-6432E3D6F522}.Debug|x86.Build.0 = Debug|x86
		{54732C3D-B673-4BBF-B0C3-6432E3D6F522}.Release|Any CPU.ActiveCfg = Release|Any CPU
		{54732C3D-B673-4BBF-B0C3-6432E3D6F522}.Release|Any CPU.Build.0 = Release|Any CPU
		{54732C3D-B673-4BBF-B0C3-6432E3D6F522}.Release|x86.ActiveCfg = Release|x86
		{54732C3D-B673-4BBF-B0C3-6432E3D6F522}.Release|x86.Build.0 = Release|x86
		{54732C3D-B673-4BBF-B0C3-6432E3D6F522}.Test|Any CPU.ActiveCfg = Release|Any CPU
		{54732C3D-B673-4BBF-B0C3-6432E3D6F522}.Test|Any CPU.Build.0 = Release|Any CPU
		{54732C3D-B673-4BBF-B0C3-6432E3D6F522}.Test|x86.ActiveCfg = Release|x86
		{54732C3D-B673-4BBF-B0C3-6432E3D6F522}.Test|x86.Build.0 = Release|x86
		{CC0EBEC4-7120-4627-A596-C1F2958F3D5E}.Debug|Any CPU.ActiveCfg = Debug|Any CPU
		{CC0EBEC4-7120-4627-A596-C1F2958F3D5E}.Debug|Any CPU.Build.0 = Debug|Any CPU
		{CC0EBEC4-7120-4627-A596-C1F2958F3D5E}.Debug|x86.ActiveCfg = Debug|x86
		{CC0EBEC4-7120-4627-A596-C1F2958F3D5E}.Debug|x86.Build.0 = Debug|x86
		{CC0EBEC4-7120-4627-A596-C1F2958F3D5E}.Release|Any CPU.ActiveCfg = Release|Any CPU
		{CC0EBEC4-7120-4627-A596-C1F2958F3D5E}.Release|Any CPU.Build.0 = Release|Any CPU
		{CC0EBEC4-7120-4627-A596-C1F2958F3D5E}.Release|x86.ActiveCfg = Release|x86
		{CC0EBEC4-7120-4627-A596-C1F2958F3D5E}.Release|x86.Build.0 = Release|x86
		{CC0EBEC4-7120-4627-A596-C1F2958F3D5E}.Test|Any CPU.ActiveCfg = Release|Any CPU
		{CC0EBEC4-7120-4627-A596-C1F2958F3D5E}.Test|Any CPU.Build.0 = Release|Any CPU
		{CC0EBEC4-7120-4627-A596-C1F2958F3D5E}.Test|x86.ActiveCfg = Release|x86
		{CC0EBEC4-7120-4627-A596-C1F2958F3D5E}.Test|x86.Build.0 = Release|x86
		{379D8C97-4F96-45AF-9F91-6BD160514495}.Debug|Any CPU.ActiveCfg = Debug|Any CPU
		{379D8C97-4F96-45AF-9F91-6BD160514495}.Debug|Any CPU.Build.0 = Debug|Any CPU
		{379D8C97-4F96-45AF-9F91-6BD160514495}.Debug|x86.ActiveCfg = Debug|Any CPU
		{379D8C97-4F96-45AF-9F91-6BD160514495}.Debug|x86.Build.0 = Debug|Any CPU
		{379D8C97-4F96-45AF-9F91-6BD160514495}.Release|Any CPU.ActiveCfg = Release|Any CPU
		{379D8C97-4F96-45AF-9F91-6BD160514495}.Release|Any CPU.Build.0 = Release|Any CPU
		{379D8C97-4F96-45AF-9F91-6BD160514495}.Release|x86.ActiveCfg = Release|Any CPU
		{379D8C97-4F96-45AF-9F91-6BD160514495}.Release|x86.Build.0 = Release|Any CPU
		{379D8C97-4F96-45AF-9F91-6BD160514495}.Test|Any CPU.ActiveCfg = Release|Any CPU
		{379D8C97-4F96-45AF-9F91-6BD160514495}.Test|Any CPU.Build.0 = Release|Any CPU
		{379D8C97-4F96-45AF-9F91-6BD160514495}.Test|x86.ActiveCfg = Release|Any CPU
		{379D8C97-4F96-45AF-9F91-6BD160514495}.Test|x86.Build.0 = Release|Any CPU
		{CCD291E9-16FA-4B53-B032-EBD3F659567B}.Debug|Any CPU.ActiveCfg = Debug|Any CPU
		{CCD291E9-16FA-4B53-B032-EBD3F659567B}.Debug|Any CPU.Build.0 = Debug|Any CPU
		{CCD291E9-16FA-4B53-B032-EBD3F659567B}.Debug|x86.ActiveCfg = Debug|x86
		{CCD291E9-16FA-4B53-B032-EBD3F659567B}.Debug|x86.Build.0 = Debug|x86
		{CCD291E9-16FA-4B53-B032-EBD3F659567B}.Release|Any CPU.ActiveCfg = Release|Any CPU
		{CCD291E9-16FA-4B53-B032-EBD3F659567B}.Release|Any CPU.Build.0 = Release|Any CPU
		{CCD291E9-16FA-4B53-B032-EBD3F659567B}.Release|x86.ActiveCfg = Release|x86
		{CCD291E9-16FA-4B53-B032-EBD3F659567B}.Release|x86.Build.0 = Release|x86
		{CCD291E9-16FA-4B53-B032-EBD3F659567B}.Test|Any CPU.ActiveCfg = Release|Any CPU
		{CCD291E9-16FA-4B53-B032-EBD3F659567B}.Test|Any CPU.Build.0 = Release|Any CPU
		{CCD291E9-16FA-4B53-B032-EBD3F659567B}.Test|x86.ActiveCfg = Release|x86
		{CCD291E9-16FA-4B53-B032-EBD3F659567B}.Test|x86.Build.0 = Release|x86
		{02C052F4-9B28-4405-B901-E795EFB90E73}.Debug|Any CPU.ActiveCfg = Debug|Any CPU
		{02C052F4-9B28-4405-B901-E795EFB90E73}.Debug|Any CPU.Build.0 = Debug|Any CPU
		{02C052F4-9B28-4405-B901-E795EFB90E73}.Debug|x86.ActiveCfg = Debug|Any CPU
		{02C052F4-9B28-4405-B901-E795EFB90E73}.Debug|x86.Build.0 = Debug|Any CPU
		{02C052F4-9B28-4405-B901-E795EFB90E73}.Release|Any CPU.ActiveCfg = Release|Any CPU
		{02C052F4-9B28-4405-B901-E795EFB90E73}.Release|Any CPU.Build.0 = Release|Any CPU
		{02C052F4-9B28-4405-B901-E795EFB90E73}.Release|x86.ActiveCfg = Release|Any CPU
		{02C052F4-9B28-4405-B901-E795EFB90E73}.Release|x86.Build.0 = Release|Any CPU
		{02C052F4-9B28-4405-B901-E795EFB90E73}.Test|Any CPU.ActiveCfg = Release|Any CPU
		{02C052F4-9B28-4405-B901-E795EFB90E73}.Test|Any CPU.Build.0 = Release|Any CPU
		{02C052F4-9B28-4405-B901-E795EFB90E73}.Test|x86.ActiveCfg = Release|Any CPU
		{02C052F4-9B28-4405-B901-E795EFB90E73}.Test|x86.Build.0 = Release|Any CPU
	EndGlobalSection
	GlobalSection(SolutionProperties) = preSolution
		HideSolutionNode = FALSE
	EndGlobalSection
	GlobalSection(NestedProjects) = preSolution
		{77F62AE9-2B61-4B6A-9C4C-14BE1B48694A} = {37CF0895-2F70-45D8-8A17-63D0E6A23C3F}
		{5B729497-5323-41D7-A104-0632119BEDDE} = {77F62AE9-2B61-4B6A-9C4C-14BE1B48694A}
		{51AC27B4-11AE-4F59-B82A-0BB3AFA5F62B} = {77F62AE9-2B61-4B6A-9C4C-14BE1B48694A}
		{B745F5F5-9120-4D56-A86D-ED34EADB703C} = {37CF0895-2F70-45D8-8A17-63D0E6A23C3F}
		{814092CD-9CD0-4FB7-91E8-D147F476F1FB} = {37CF0895-2F70-45D8-8A17-63D0E6A23C3F}
		{1D815FBF-451C-4E23-939C-CB80172F445C} = {37CF0895-2F70-45D8-8A17-63D0E6A23C3F}
		{54732C3D-B673-4BBF-B0C3-6432E3D6F522} = {37CF0895-2F70-45D8-8A17-63D0E6A23C3F}
		{CC0EBEC4-7120-4627-A596-C1F2958F3D5E} = {37CF0895-2F70-45D8-8A17-63D0E6A23C3F}
		{379D8C97-4F96-45AF-9F91-6BD160514495} = {37CF0895-2F70-45D8-8A17-63D0E6A23C3F}
	EndGlobalSection
EndGlobal
